
Microsoft Visual Studio Solution File, Format Version 12.00
# Visual Studio Version 17
VisualStudioVersion = 17.13.35931.197 d17.13
MinimumVisualStudioVersion = 10.0.40219.1
Project("{FAE04EC0-301F-11D3-BF4B-00C04F79EFBC}") = "payroll", "payroll\payroll.csproj", "{0F0EECBE-7D08-484F-825E-E354B7BC7266}"
EndProject
Global
	GlobalSection(SolutionConfigurationPlatforms) = preSolution
		Debug|Any CPU = Debug|Any CPU
		Release|Any CPU = Release|Any CPU
	EndGlobalSection
	GlobalSection(ProjectConfigurationPlatforms) = postSolution
		{0F0EECBE-7D08-484F-825E-E354B7BC7266}.Debug|Any CPU.ActiveCfg = Debug|Any CPU
		{0F0EECBE-7D08-484F-825E-E354B7BC7266}.Debug|Any CPU.Build.0 = Debug|Any CPU
		{0F0EECBE-7D08-484F-825E-E354B7BC7266}.Release|Any CPU.ActiveCfg = Release|Any CPU
		{0F0EECBE-7D08-484F-825E-E354B7BC7266}.Release|Any CPU.Build.0 = Release|Any CPU
	EndGlobalSection
	GlobalSection(SolutionProperties) = preSolution
		HideSolutionNode = FALSE
	EndGlobalSection
	GlobalSection(ExtensibilityGlobals) = postSolution
		SolutionGuid = {EAA2F423-FC25-4D4E-B06D-8208A213FC09}
	EndGlobalSection
EndGlobal
